// !$*UTF8*$!
{
	archiveVersion = 1;
	classes = {
	};
	objectVersion = 55;
	objects = {

/* Begin PBXBuildFile section */
		5A3CA005283E506C009CF78D /* PDFappApp.swift in Sources */ = {isa = PBXBuildFile; fileRef = 5A3CA004283E506C009CF78D /* PDFappApp.swift */; };
		5A3CA007283E506C009CF78D /* ContentView.swift in Sources */ = {isa = PBXBuildFile; fileRef = 5A3CA006283E506C009CF78D /* ContentView.swift */; };
		5A3CA009283E506E009CF78D /* Assets.xcassets in Resources */ = {isa = PBXBuildFile; fileRef = 5A3CA008283E506E009CF78D /* Assets.xcassets */; };
		5A3CA00C283E506E009CF78D /* Preview Assets.xcassets in Resources */ = {isa = PBXBuildFile; fileRef = 5A3CA00B283E506E009CF78D /* Preview Assets.xcassets */; };
		5A7CC91F283FA57600AAC4B1 /* main.xcdatamodeld in Sources */ = {isa = PBXBuildFile; fileRef = 5A7CC91D283FA57600AAC4B1 /* main.xcdatamodeld */; };
		5A7CC921283FA5CD00AAC4B1 /* PersistenceController.swift in Sources */ = {isa = PBXBuildFile; fileRef = 5A7CC920283FA5CD00AAC4B1 /* PersistenceController.swift */; };
		5AE6D7EE283EA08600EC0858 /* Color.swift in Sources */ = {isa = PBXBuildFile; fileRef = 5AE6D7ED283EA08600EC0858 /* Color.swift */; };
		5AE6D7F1283EA67B00EC0858 /* String.swift in Sources */ = {isa = PBXBuildFile; fileRef = 5AE6D7F0283EA67B00EC0858 /* String.swift */; };
		5AE6D7F3283EAC0900EC0858 /* PDFPreview.swift in Sources */ = {isa = PBXBuildFile; fileRef = 5AE6D7F2283EAC0900EC0858 /* PDFPreview.swift */; };
		5AE6D7F6283EBC3900EC0858 /* File.swift in Sources */ = {isa = PBXBuildFile; fileRef = 5AE6D7F5283EBC3900EC0858 /* File.swift */; };
		5AE6D7F8283EC51500EC0858 /* PdfFile.swift in Sources */ = {isa = PBXBuildFile; fileRef = 5AE6D7F7283EC51500EC0858 /* PdfFile.swift */; };
		5AE6D7FB283F7B7700EC0858 /* Spinner.swift in Sources */ = {isa = PBXBuildFile; fileRef = 5AE6D7FA283F7B7700EC0858 /* Spinner.swift */; };
		5AE6D7FD283F836F00EC0858 /* CustomContextMenu.swift in Sources */ = {isa = PBXBuildFile; fileRef = 5AE6D7FC283F836F00EC0858 /* CustomContextMenu.swift */; };
		5AE6D7FF283F8E6A00EC0858 /* PDFKitRepresentedView.swift in Sources */ = {isa = PBXBuildFile; fileRef = 5AE6D7FE283F8E6A00EC0858 /* PDFKitRepresentedView.swift */; };
/* End PBXBuildFile section */

/* Begin PBXFileReference section */
		5A3CA001283E506C009CF78D /* PDFapp.app */ = {isa = PBXFileReference; explicitFileType = wrapper.application; includeInIndex = 0; path = PDFapp.app; sourceTree = BUILT_PRODUCTS_DIR; };
		5A3CA004283E506C009CF78D /* PDFappApp.swift */ = {isa = PBXFileReference; lastKnownFileType = sourcecode.swift; path = PDFappApp.swift; sourceTree = "<group>"; };
		5A3CA006283E506C009CF78D /* ContentView.swift */ = {isa = PBXFileReference; lastKnownFileType = sourcecode.swift; path = ContentView.swift; sourceTree = "<group>"; };
		5A3CA008283E506E009CF78D /* Assets.xcassets */ = {isa = PBXFileReference; lastKnownFileType = folder.assetcatalog; path = Assets.xcassets; sourceTree = "<group>"; };
		5A3CA00B283E506E009CF78D /* Preview Assets.xcassets */ = {isa = PBXFileReference; lastKnownFileType = folder.assetcatalog; path = "Preview Assets.xcassets"; sourceTree = "<group>"; };
		5A7CC91E283FA57600AAC4B1 /* main.xcdatamodel */ = {isa = PBXFileReference; lastKnownFileType = wrapper.xcdatamodel; path = main.xcdatamodel; sourceTree = "<group>"; };
		5A7CC920283FA5CD00AAC4B1 /* PersistenceController.swift */ = {isa = PBXFileReference; lastKnownFileType = sourcecode.swift; path = PersistenceController.swift; sourceTree = "<group>"; };
		5AE6D7ED283EA08600EC0858 /* Color.swift */ = {isa = PBXFileReference; lastKnownFileType = sourcecode.swift; path = Color.swift; sourceTree = "<group>"; };
		5AE6D7F0283EA67B00EC0858 /* String.swift */ = {isa = PBXFileReference; lastKnownFileType = sourcecode.swift; path = String.swift; sourceTree = "<group>"; };
		5AE6D7F2283EAC0900EC0858 /* PDFPreview.swift */ = {isa = PBXFileReference; lastKnownFileType = sourcecode.swift; path = PDFPreview.swift; sourceTree = "<group>"; };
		5AE6D7F5283EBC3900EC0858 /* File.swift */ = {isa = PBXFileReference; lastKnownFileType = sourcecode.swift; path = File.swift; sourceTree = "<group>"; };
		5AE6D7F7283EC51500EC0858 /* PdfFile.swift */ = {isa = PBXFileReference; lastKnownFileType = sourcecode.swift; path = PdfFile.swift; sourceTree = "<group>"; };
		5AE6D7FA283F7B7700EC0858 /* Spinner.swift */ = {isa = PBXFileReference; lastKnownFileType = sourcecode.swift; path = Spinner.swift; sourceTree = "<group>"; };
		5AE6D7FC283F836F00EC0858 /* CustomContextMenu.swift */ = {isa = PBXFileReference; lastKnownFileType = sourcecode.swift; path = CustomContextMenu.swift; sourceTree = "<group>"; };
		5AE6D7FE283F8E6A00EC0858 /* PDFKitRepresentedView.swift */ = {isa = PBXFileReference; lastKnownFileType = sourcecode.swift; path = PDFKitRepresentedView.swift; sourceTree = "<group>"; };
/* End PBXFileReference section */

/* Begin PBXFrameworksBuildPhase section */
		5A3C9FFE283E506C009CF78D /* Frameworks */ = {
			isa = PBXFrameworksBuildPhase;
			buildActionMask = 2147483647;
			files = (
			);
			runOnlyForDeploymentPostprocessing = 0;
		};
/* End PBXFrameworksBuildPhase section */

/* Begin PBXGroup section */
		5A3C9FF8283E506C009CF78D = {
			isa = PBXGroup;
			children = (
				5A3CA003283E506C009CF78D /* PDFapp */,
				5A3CA002283E506C009CF78D /* Products */,
			);
			sourceTree = "<group>";
		};
		5A3CA002283E506C009CF78D /* Products */ = {
			isa = PBXGroup;
			children = (
				5A3CA001283E506C009CF78D /* PDFapp.app */,
			);
			name = Products;
			sourceTree = "<group>";
		};
		5A3CA003283E506C009CF78D /* PDFapp */ = {
			isa = PBXGroup;
			children = (
				5AE6D7F9283F7B6100EC0858 /* Elements */,
				5AE6D7F4283EBC3000EC0858 /* Models */,
				5AE6D7EF283EA63A00EC0858 /* Extensions */,
				5A3CA004283E506C009CF78D /* PDFappApp.swift */,
				5A3CA006283E506C009CF78D /* ContentView.swift */,
				5A3CA008283E506E009CF78D /* Assets.xcassets */,
				5A3CA00A283E506E009CF78D /* Preview Content */,
				5A7CC91D283FA57600AAC4B1 /* main.xcdatamodeld */,
				5A7CC920283FA5CD00AAC4B1 /* PersistenceController.swift */,
			);
			path = PDFapp;
			sourceTree = "<group>";
		};
		5A3CA00A283E506E009CF78D /* Preview Content */ = {
			isa = PBXGroup;
			children = (
				5A3CA00B283E506E009CF78D /* Preview Assets.xcassets */,
			);
			path = "Preview Content";
			sourceTree = "<group>";
		};
		5AE6D7EF283EA63A00EC0858 /* Extensions */ = {
			isa = PBXGroup;
			children = (
				5AE6D7ED283EA08600EC0858 /* Color.swift */,
				5AE6D7F0283EA67B00EC0858 /* String.swift */,
				5AE6D7FC283F836F00EC0858 /* CustomContextMenu.swift */,
			);
			path = Extensions;
			sourceTree = "<group>";
		};
		5AE6D7F4283EBC3000EC0858 /* Models */ = {
			isa = PBXGroup;
			children = (
				5AE6D7F5283EBC3900EC0858 /* File.swift */,
				5AE6D7F7283EC51500EC0858 /* PdfFile.swift */,
			);
			path = Models;
			sourceTree = "<group>";
		};
		5AE6D7F9283F7B6100EC0858 /* Elements */ = {
			isa = PBXGroup;
			children = (
				5AE6D7F2283EAC0900EC0858 /* PDFPreview.swift */,
				5AE6D7FA283F7B7700EC0858 /* Spinner.swift */,
				5AE6D7FE283F8E6A00EC0858 /* PDFKitRepresentedView.swift */,
			);
			path = Elements;
			sourceTree = "<group>";
		};
/* End PBXGroup section */

/* Begin PBXNativeTarget section */
		5A3CA000283E506C009CF78D /* PDFapp */ = {
			isa = PBXNativeTarget;
			buildConfigurationList = 5A3CA00F283E506E009CF78D /* Build configuration list for PBXNativeTarget "PDFapp" */;
			buildPhases = (
				5A3C9FFD283E506C009CF78D /* Sources */,
				5A3C9FFE283E506C009CF78D /* Frameworks */,
				5A3C9FFF283E506C009CF78D /* Resources */,
			);
			buildRules = (
			);
			dependencies = (
			);
			name = PDFapp;
			productName = PDFapp;
			productReference = 5A3CA001283E506C009CF78D /* PDFapp.app */;
			productType = "com.apple.product-type.application";
		};
/* End PBXNativeTarget section */

/* Begin PBXProject section */
		5A3C9FF9283E506C009CF78D /* Project object */ = {
			isa = PBXProject;
			attributes = {
				BuildIndependentTargetsInParallel = 1;
				LastSwiftUpdateCheck = 1330;
				LastUpgradeCheck = 1330;
				TargetAttributes = {
					5A3CA000283E506C009CF78D = {
						CreatedOnToolsVersion = 13.3.1;
					};
				};
			};
			buildConfigurationList = 5A3C9FFC283E506C009CF78D /* Build configuration list for PBXProject "PDFapp" */;
			compatibilityVersion = "Xcode 13.0";
			developmentRegion = en;
			hasScannedForEncodings = 0;
			knownRegions = (
				en,
				Base,
			);
			mainGroup = 5A3C9FF8283E506C009CF78D;
			productRefGroup = 5A3CA002283E506C009CF78D /* Products */;
			projectDirPath = "";
			projectRoot = "";
			targets = (
				5A3CA000283E506C009CF78D /* PDFapp */,
			);
		};
/* End PBXProject section */

/* Begin PBXResourcesBuildPhase section */
		5A3C9FFF283E506C009CF78D /* Resources */ = {
			isa = PBXResourcesBuildPhase;
			buildActionMask = 2147483647;
			files = (
				5A3CA00C283E506E009CF78D /* Preview Assets.xcassets in Resources */,
				5A3CA009283E506E009CF78D /* Assets.xcassets in Resources */,
			);
			runOnlyForDeploymentPostprocessing = 0;
		};
/* End PBXResourcesBuildPhase section */

/* Begin PBXSourcesBuildPhase section */
		5A3C9FFD283E506C009CF78D /* Sources */ = {
			isa = PBXSourcesBuildPhase;
			buildActionMask = 2147483647;
			files = (
				5AE6D7FF283F8E6A00EC0858 /* PDFKitRepresentedView.swift in Sources */,
				5AE6D7FD283F836F00EC0858 /* CustomContextMenu.swift in Sources */,
				5AE6D7F3283EAC0900EC0858 /* PDFPreview.swift in Sources */,
				5A7CC921283FA5CD00AAC4B1 /* PersistenceController.swift in Sources */,
				5AE6D7F8283EC51500EC0858 /* PdfFile.swift in Sources */,
				5AE6D7F6283EBC3900EC0858 /* File.swift in Sources */,
				5AE6D7EE283EA08600EC0858 /* Color.swift in Sources */,
				5A3CA007283E506C009CF78D /* ContentView.swift in Sources */,
				5AE6D7F1283EA67B00EC0858 /* String.swift in Sources */,
				5A7CC91F283FA57600AAC4B1 /* main.xcdatamodeld in Sources */,
				5A3CA005283E506C009CF78D /* PDFappApp.swift in Sources */,
				5AE6D7FB283F7B7700EC0858 /* Spinner.swift in Sources */,
			);
			runOnlyForDeploymentPostprocessing = 0;
		};
/* End PBXSourcesBuildPhase section */

/* Begin XCBuildConfiguration section */
		5A3CA00D283E506E009CF78D /* Debug */ = {
			isa = XCBuildConfiguration;
			buildSettings = {
				ALWAYS_SEARCH_USER_PATHS = NO;
				CLANG_ANALYZER_NONNULL = YES;
				CLANG_ANALYZER_NUMBER_OBJECT_CONVERSION = YES_AGGRESSIVE;
				CLANG_CXX_LANGUAGE_STANDARD = "gnu++17";
				CLANG_ENABLE_MODULES = YES;
				CLANG_ENABLE_OBJC_ARC = YES;
				CLANG_ENABLE_OBJC_WEAK = YES;
				CLANG_WARN_BLOCK_CAPTURE_AUTORELEASING = YES;
				CLANG_WARN_BOOL_CONVERSION = YES;
				CLANG_WARN_COMMA = YES;
				CLANG_WARN_CONSTANT_CONVERSION = YES;
				CLANG_WARN_DEPRECATED_OBJC_IMPLEMENTATIONS = YES;
				CLANG_WARN_DIRECT_OBJC_ISA_USAGE = YES_ERROR;
				CLANG_WARN_DOCUMENTATION_COMMENTS = YES;
				CLANG_WARN_EMPTY_BODY = YES;
				CLANG_WARN_ENUM_CONVERSION = YES;
				CLANG_WARN_INFINITE_RECURSION = YES;
				CLANG_WARN_INT_CONVERSION = YES;
				CLANG_WARN_NON_LITERAL_NULL_CONVERSION = YES;
				CLANG_WARN_OBJC_IMPLICIT_RETAIN_SELF = YES;
				CLANG_WARN_OBJC_LITERAL_CONVERSION = YES;
				CLANG_WARN_OBJC_ROOT_CLASS = YES_ERROR;
				CLANG_WARN_QUOTED_INCLUDE_IN_FRAMEWORK_HEADER = YES;
				CLANG_WARN_RANGE_LOOP_ANALYSIS = YES;
				CLANG_WARN_STRICT_PROTOTYPES = YES;
				CLANG_WARN_SUSPICIOUS_MOVE = YES;
				CLANG_WARN_UNGUARDED_AVAILABILITY = YES_AGGRESSIVE;
				CLANG_WARN_UNREACHABLE_CODE = YES;
				CLANG_WARN__DUPLICATE_METHOD_MATCH = YES;
				COPY_PHASE_STRIP = NO;
				DEBUG_INFORMATION_FORMAT = dwarf;
				ENABLE_STRICT_OBJC_MSGSEND = YES;
				ENABLE_TESTABILITY = YES;
				GCC_C_LANGUAGE_STANDARD = gnu11;
				GCC_DYNAMIC_NO_PIC = NO;
				GCC_NO_COMMON_BLOCKS = YES;
				GCC_OPTIMIZATION_LEVEL = 0;
				GCC_PREPROCESSOR_DEFINITIONS = (
					"DEBUG=1",
					"$(inherited)",
				);
				GCC_WARN_64_TO_32_BIT_CONVERSION = YES;
				GCC_WARN_ABOUT_RETURN_TYPE = YES_ERROR;
				GCC_WARN_UNDECLARED_SELECTOR = YES;
				GCC_WARN_UNINITIALIZED_AUTOS = YES_AGGRESSIVE;
				GCC_WARN_UNUSED_FUNCTION = YES;
				GCC_WARN_UNUSED_VARIABLE = YES;
				IPHONEOS_DEPLOYMENT_TARGET = 15.4;
				MTL_ENABLE_DEBUG_INFO = INCLUDE_SOURCE;
				MTL_FAST_MATH = YES;
				ONLY_ACTIVE_ARCH = YES;
				SDKROOT = iphoneos;
				SWIFT_ACTIVE_COMPILATION_CONDITIONS = DEBUG;
				SWIFT_OPTIMIZATION_LEVEL = "-Onone";
			};
			name = Debug;
		};
		5A3CA00E283E506E009CF78D /* Release */ = {
			isa = XCBuildConfiguration;
			buildSettings = {
				ALWAYS_SEARCH_USER_PATHS = NO;
				CLANG_ANALYZER_NONNULL = YES;
				CLANG_ANALYZER_NUMBER_OBJECT_CONVERSION = YES_AGGRESSIVE;
				CLANG_CXX_LANGUAGE_STANDARD = "gnu++17";
				CLANG_ENABLE_MODULES = YES;
				CLANG_ENABLE_OBJC_ARC = YES;
				CLANG_ENABLE_OBJC_WEAK = YES;
				CLANG_WARN_BLOCK_CAPTURE_AUTORELEASING = YES;
				CLANG_WARN_BOOL_CONVERSION = YES;
				CLANG_WARN_COMMA = YES;
				CLANG_WARN_CONSTANT_CONVERSION = YES;
				CLANG_WARN_DEPRECATED_OBJC_IMPLEMENTATIONS = YES;
				CLANG_WARN_DIRECT_OBJC_ISA_USAGE = YES_ERROR;
				CLANG_WARN_DOCUMENTATION_COMMENTS = YES;
				CLANG_WARN_EMPTY_BODY = YES;
				CLANG_WARN_ENUM_CONVERSION = YES;
				CLANG_WARN_INFINITE_RECURSION = YES;
				CLANG_WARN_INT_CONVERSION = YES;
				CLANG_WARN_NON_LITERAL_NULL_CONVERSION = YES;
				CLANG_WARN_OBJC_IMPLICIT_RETAIN_SELF = YES;
				CLANG_WARN_OBJC_LITERAL_CONVERSION = YES;
				CLANG_WARN_OBJC_ROOT_CLASS = YES_ERROR;
				CLANG_WARN_QUOTED_INCLUDE_IN_FRAMEWORK_HEADER = YES;
				CLANG_WARN_RANGE_LOOP_ANALYSIS = YES;
				CLANG_WARN_STRICT_PROTOTYPES = YES;
				CLANG_WARN_SUSPICIOUS_MOVE = YES;
				CLANG_WARN_UNGUARDED_AVAILABILITY = YES_AGGRESSIVE;
				CLANG_WARN_UNREACHABLE_CODE = YES;
				CLANG_WARN__DUPLICATE_METHOD_MATCH = YES;
				COPY_PHASE_STRIP = NO;
				DEBUG_INFORMATION_FORMAT = "dwarf-with-dsym";
				ENABLE_NS_ASSERTIONS = NO;
				ENABLE_STRICT_OBJC_MSGSEND = YES;
				GCC_C_LANGUAGE_STANDARD = gnu11;
				GCC_NO_COMMON_BLOCKS = YES;
				GCC_WARN_64_TO_32_BIT_CONVERSION = YES;
				GCC_WARN_ABOUT_RETURN_TYPE = YES_ERROR;
				GCC_WARN_UNDECLARED_SELECTOR = YES;
				GCC_WARN_UNINITIALIZED_AUTOS = YES_AGGRESSIVE;
				GCC_WARN_UNUSED_FUNCTION = YES;
				GCC_WARN_UNUSED_VARIABLE = YES;
				IPHONEOS_DEPLOYMENT_TARGET = 15.4;
				MTL_ENABLE_DEBUG_INFO = NO;
				MTL_FAST_MATH = YES;
				SDKROOT = iphoneos;
				SWIFT_COMPILATION_MODE = wholemodule;
				SWIFT_OPTIMIZATION_LEVEL = "-O";
				VALIDATE_PRODUCT = YES;
			};
			name = Release;
		};
		5A3CA010283E506E009CF78D /* Debug */ = {
			isa = XCBuildConfiguration;
			buildSettings = {
				ASSETCATALOG_COMPILER_APPICON_NAME = AppIcon;
				ASSETCATALOG_COMPILER_GLOBAL_ACCENT_COLOR_NAME = AccentColor;
				CODE_SIGN_STYLE = Automatic;
				CURRENT_PROJECT_VERSION = 1;
				DEVELOPMENT_ASSET_PATHS = "\"PDFapp/Preview Content\"";
				DEVELOPMENT_TEAM = CD8526J4G4;
				ENABLE_PREVIEWS = YES;
				GENERATE_INFOPLIST_FILE = YES;
				INFOPLIST_KEY_UIApplicationSceneManifest_Generation = YES;
				INFOPLIST_KEY_UIApplicationSupportsIndirectInputEvents = YES;
				INFOPLIST_KEY_UILaunchScreen_Generation = YES;
				INFOPLIST_KEY_UISupportedInterfaceOrientations_iPad = "UIInterfaceOrientationPortrait UIInterfaceOrientationPortraitUpsideDown UIInterfaceOrientationLandscapeLeft UIInterfaceOrientationLandscapeRight";
				INFOPLIST_KEY_UISupportedInterfaceOrientations_iPhone = "UIInterfaceOrientationPortrait UIInterfaceOrientationLandscapeLeft UIInterfaceOrientationLandscapeRight";
				LD_RUNPATH_SEARCH_PATHS = (
					"$(inherited)",
					"@executable_path/Frameworks",
				);
				MARKETING_VERSION = 1.0;
				PRODUCT_BUNDLE_IDENTIFIER = kotleni.PDFapp;
				PRODUCT_NAME = "$(TARGET_NAME)";
				SWIFT_EMIT_LOC_STRINGS = YES;
				SWIFT_VERSION = 5.0;
				TARGETED_DEVICE_FAMILY = "1,2";
			};
			name = Debug;
		};
		5A3CA011283E506E009CF78D /* Release */ = {
			isa = XCBuildConfiguration;
			buildSettings = {
				ASSETCATALOG_COMPILER_APPICON_NAME = AppIcon;
				ASSETCATALOG_COMPILER_GLOBAL_ACCENT_COLOR_NAME = AccentColor;
				CODE_SIGN_STYLE = Automatic;
				CURRENT_PROJECT_VERSION = 1;
				DEVELOPMENT_ASSET_PATHS = "\"PDFapp/Preview Content\"";
				DEVELOPMENT_TEAM = CD8526J4G4;
				ENABLE_PREVIEWS = YES;
				GENERATE_INFOPLIST_FILE = YES;
				INFOPLIST_KEY_UIApplicationSceneManifest_Generation = YES;
				INFOPLIST_KEY_UIApplicationSupportsIndirectInputEvents = YES;
				INFOPLIST_KEY_UILaunchScreen_Generation = YES;
				INFOPLIST_KEY_UISupportedInterfaceOrientations_iPad = "UIInterfaceOrientationPortrait UIInterfaceOrientationPortraitUpsideDown UIInterfaceOrientationLandscapeLeft UIInterfaceOrientationLandscapeRight";
				INFOPLIST_KEY_UISupportedInterfaceOrientations_iPhone = "UIInterfaceOrientationPortrait UIInterfaceOrientationLandscapeLeft UIInterfaceOrientationLandscapeRight";
				LD_RUNPATH_SEARCH_PATHS = (
					"$(inherited)",
					"@executable_path/Frameworks",
				);
				MARKETING_VERSION = 1.0;
				PRODUCT_BUNDLE_IDENTIFIER = kotleni.PDFapp;
				PRODUCT_NAME = "$(TARGET_NAME)";
				SWIFT_EMIT_LOC_STRINGS = YES;
				SWIFT_VERSION = 5.0;
				TARGETED_DEVICE_FAMILY = "1,2";
			};
			name = Release;
		};
/* End XCBuildConfiguration section */

/* Begin XCConfigurationList section */
		5A3C9FFC283E506C009CF78D /* Build configuration list for PBXProject "PDFapp" */ = {
			isa = XCConfigurationList;
			buildConfigurations = (
				5A3CA00D283E506E009CF78D /* Debug */,
				5A3CA00E283E506E009CF78D /* Release */,
			);
			defaultConfigurationIsVisible = 0;
			defaultConfigurationName = Release;
		};
		5A3CA00F283E506E009CF78D /* Build configuration list for PBXNativeTarget "PDFapp" */ = {
			isa = XCConfigurationList;
			buildConfigurations = (
				5A3CA010283E506E009CF78D /* Debug */,
				5A3CA011283E506E009CF78D /* Release */,
			);
			defaultConfigurationIsVisible = 0;
			defaultConfigurationName = Release;
		};
/* End XCConfigurationList section */

/* Begin XCVersionGroup section */
		5A7CC91D283FA57600AAC4B1 /* main.xcdatamodeld */ = {
			isa = XCVersionGroup;
			children = (
				5A7CC91E283FA57600AAC4B1 /* main.xcdatamodel */,
			);
			currentVersion = 5A7CC91E283FA57600AAC4B1 /* main.xcdatamodel */;
			path = main.xcdatamodeld;
			sourceTree = "<group>";
			versionGroupType = wrapper.xcdatamodel;
		};
/* End XCVersionGroup section */
	};
	rootObject = 5A3C9FF9283E506C009CF78D /* Project object */;
}
